{
  "version": 4,
  "terraform_version": "0.14.10",
  "serial": 1390,
  "lineage": "887665b1-6292-a656-1e89-a7a52d7f827e",
  "outputs": {},
  "resources": [
    {
      "mode": "managed",
      "type": "azurerm_network_interface_backend_address_pool_association",
      "name": "vm5-nic-assoc",
      "provider": "provider[\"registry.terraform.io/hashicorp/azurerm\"]",
      "instances": [
        {
          "schema_version": 0,
          "attributes": {
            "backend_address_pool_id": "/subscriptions/d633ade9-7a93-4e14-85f7-145bf18bc5c6/resourceGroups/wta-tr/providers/Microsoft.Network/loadBalancers/BackLoadBalancer/backendAddressPools/BLBBackendPool",
            "id": "/subscriptions/d633ade9-7a93-4e14-85f7-145bf18bc5c6/resourceGroups/wta-tr/providers/Microsoft.Network/networkInterfaces/nic-vm-5/ipConfigurations/internalVM5|/subscriptions/d633ade9-7a93-4e14-85f7-145bf18bc5c6/resourceGroups/wta-tr/providers/Microsoft.Network/loadBalancers/BackLoadBalancer/backendAddressPools/BLBBackendPool",
            "ip_configuration_name": "internalVM5",
            "network_interface_id": "/subscriptions/d633ade9-7a93-4e14-85f7-145bf18bc5c6/resourceGroups/wta-tr/providers/Microsoft.Network/networkInterfaces/nic-vm-5",
            "timeouts": null
          },
          "sensitive_attributes": []
        }
      ]
    },
    {
      "mode": "managed",
      "type": "azurerm_resource_group",
      "name": "rg",
      "provider": "provider[\"registry.terraform.io/hashicorp/azurerm\"]",
      "instances": [
        {
          "schema_version": 0,
          "attributes": {
            "id": "/subscriptions/d633ade9-7a93-4e14-85f7-145bf18bc5c6/resourceGroups/wta-tr",
            "location": "westus2",
            "name": "wta-tr",
            "tags": null,
            "timeouts": null
          },
          "sensitive_attributes": []
        }
      ]
    }
  ]
}
