{
  "version": 4,
  "terraform_version": "0.14.10",
  "serial": 1387,
  "lineage": "887665b1-6292-a656-1e89-a7a52d7f827e",
  "outputs": {},
  "resources": [
    {
      "mode": "managed",
      "type": "azurerm_network_interface_backend_address_pool_association",
      "name": "vm5-nic-assoc",
      "provider": "provider[\"registry.terraform.io/hashicorp/azurerm\"]",
      "instances": [
        {
          "schema_version": 0,
          "attributes": {
            "backend_address_pool_id": "/subscriptions/d633ade9-7a93-4e14-85f7-145bf18bc5c6/resourceGroups/wta-tr/providers/Microsoft.Network/loadBalancers/BackLoadBalancer/backendAddressPools/BLBBackendPool",
            "id": "/subscriptions/d633ade9-7a93-4e14-85f7-145bf18bc5c6/resourceGroups/wta-tr/providers/Microsoft.Network/networkInterfaces/nic-vm-5/ipConfigurations/internalVM5|/subscriptions/d633ade9-7a93-4e14-85f7-145bf18bc5c6/resourceGroups/wta-tr/providers/Microsoft.Network/loadBalancers/BackLoadBalancer/backendAddressPools/BLBBackendPool",
            "ip_configuration_name": "internalVM5",
            "network_interface_id": "/subscriptions/d633ade9-7a93-4e14-85f7-145bf18bc5c6/resourceGroups/wta-tr/providers/Microsoft.Network/networkInterfaces/nic-vm-5",
            "timeouts": null
          },
          "sensitive_attributes": []
        }
      ]
    },
    {
      "mode": "managed",
      "type": "azurerm_network_security_group",
      "name": "private_nsg",
      "provider": "provider[\"registry.terraform.io/hashicorp/azurerm\"]",
      "instances": [
        {
          "schema_version": 0,
          "attributes": {
            "id": "/subscriptions/d633ade9-7a93-4e14-85f7-145bf18bc5c6/resourceGroups/wta-tr/providers/Microsoft.Network/networkSecurityGroups/private-nsg",
            "location": "westus2",
            "name": "private-nsg",
            "resource_group_name": "wta-tr",
            "security_rule": [
              {
                "access": "Allow",
                "description": "",
                "destination_address_prefix": "*",
                "destination_address_prefixes": [],
                "destination_application_security_group_ids": [],
                "destination_port_range": "22",
                "destination_port_ranges": [],
                "direction": "Inbound",
                "name": "22_ruleO",
                "priority": 100,
                "protocol": "*",
                "source_address_prefix": "*",
                "source_address_prefixes": [],
                "source_application_security_group_ids": [],
                "source_port_range": "22",
                "source_port_ranges": []
              },
              {
                "access": "Allow",
                "description": "",
                "destination_address_prefix": "*",
                "destination_address_prefixes": [],
                "destination_application_security_group_ids": [],
                "destination_port_range": "5432",
                "destination_port_ranges": [],
                "direction": "Inbound",
                "name": "5432_rule",
                "priority": 110,
                "protocol": "Tcp",
                "source_address_prefix": "*",
                "source_address_prefixes": [],
                "source_application_security_group_ids": [],
                "source_port_range": "5432",
                "source_port_ranges": []
              }
            ],
            "tags": null,
            "timeouts": null
          },
          "sensitive_attributes": []
        }
      ]
    },
    {
      "mode": "managed",
      "type": "azurerm_resource_group",
      "name": "rg",
      "provider": "provider[\"registry.terraform.io/hashicorp/azurerm\"]",
      "instances": [
        {
          "schema_version": 0,
          "attributes": {
            "id": "/subscriptions/d633ade9-7a93-4e14-85f7-145bf18bc5c6/resourceGroups/wta-tr",
            "location": "westus2",
            "name": "wta-tr",
            "tags": null,
            "timeouts": null
          },
          "sensitive_attributes": [],
          "private": "eyJlMmJmYjczMC1lY2FhLTExZTYtOGY4OC0zNDM2M2JjN2M0YzAiOnsiY3JlYXRlIjo1NDAwMDAwMDAwMDAwLCJkZWxldGUiOjU0MDAwMDAwMDAwMDAsInJlYWQiOjMwMDAwMDAwMDAwMCwidXBkYXRlIjo1NDAwMDAwMDAwMDAwfX0="
        }
      ]
    },
    {
      "mode": "managed",
      "type": "azurerm_subnet_network_security_group_association",
      "name": "private_nsg_assoc",
      "provider": "provider[\"registry.terraform.io/hashicorp/azurerm\"]",
      "instances": [
        {
          "schema_version": 0,
          "attributes": {
            "id": "/subscriptions/d633ade9-7a93-4e14-85f7-145bf18bc5c6/resourceGroups/wta-tr/providers/Microsoft.Network/virtualNetworks/wta-vnet/subnets/private-subnet",
            "network_security_group_id": "/subscriptions/d633ade9-7a93-4e14-85f7-145bf18bc5c6/resourceGroups/wta-tr/providers/Microsoft.Network/networkSecurityGroups/private-nsg",
            "subnet_id": "/subscriptions/d633ade9-7a93-4e14-85f7-145bf18bc5c6/resourceGroups/wta-tr/providers/Microsoft.Network/virtualNetworks/wta-vnet/subnets/private-subnet",
            "timeouts": null
          },
          "sensitive_attributes": []
        }
      ]
    }
  ]
}
